# This file is automatically @generated by Poetry 2.2.1 and should not be changed by hand.

[[package]]
name = "annotated-types"
version = "0.7.0"
description = "Reusable constraint types to use with typing.Annotated"
optional = false
python-versions = ">=3.8"
groups = ["main"]
files = [
    {file = "annotated_types-0.7.0-py3-none-any.whl", hash = "sha256:1f02e8b43a8fbbc3f3e0d4f0f4bfc8131bcb4eebe8849b8e5c773f3a1c582a53"},
    {file = "annotated_types-0.7.0.tar.gz", hash = "sha256:aff07c09a53a08bc8cfccb9c85b05f1aa9a2a6f23728d790723543408344ce89"},
]

[[package]]
name = "anyio"
version = "4.11.0"
description = "High-level concurrency and networking framework on top of asyncio or Trio"
optional = false
python-versions = ">=3.9"
groups = ["main"]
files = [
    {file = "anyio-4.11.0-py3-none-any.whl", hash = "sha256:0287e96f4d26d4149305414d4e3bc32f0dcd0862365a4bddea19d7a1ec38c4fc"},
    {file = "anyio-4.11.0.tar.gz", hash = "sha256:82a8d0b81e318cc5ce71a5f1f8b5c4e63619620b63141ef8c995fa0db95a57c4"},
]

[package.dependencies]
idna = ">=2.8"
sniffio = ">=1.1"
typing_extensions = {version = ">=4.5", markers = "python_version < \"3.13\""}

[package.extras]
trio = ["trio (>=0.31.0)"]

[[package]]
name = "click"
version = "8.3.0"
description = "Composable command line interface toolkit"
optional = false
python-versions = ">=3.10"
groups = ["main"]
files = [
    {file = "click-8.3.0-py3-none-any.whl", hash = "sha256:9b9f285302c6e3064f4330c05f05b81945b2a39544279343e6e7c5f27a9baddc"},
    {file = "click-8.3.0.tar.gz", hash = "sha256:e7b8232224eba16f4ebe410c25ced9f7875cb5f3263ffc93cc3e8da705e229c4"},
]

[package.dependencies]
colorama = {version = "*", markers = "platform_system == \"Windows\""}

[[package]]
name = "colorama"
version = "0.4.6"
description = "Cross-platform colored terminal text."
optional = false
python-versions = "!=3.0.*,!=3.1.*,!=3.2.*,!=3.3.*,!=3.4.*,!=3.5.*,!=3.6.*,>=2.7"
groups = ["main", "dev"]
files = [
    {file = "colorama-0.4.6-py2.py3-none-any.whl", hash = "sha256:4f1d9991f5acc0ca119f9d443620b77f9d6b33703e51011c16baf57afb285fc6"},
    {file = "colorama-0.4.6.tar.gz", hash = "sha256:08695f5cb7ed6e0531a20572697297273c47b8cae5a63ffc6d6ed5c201be6e44"},
]
markers = {main = "platform_system == \"Windows\"", dev = "sys_platform == \"win32\""}

[[package]]
name = "fastapi"
version = "0.109.2"
description = "FastAPI framework, high performance, easy to learn, fast to code, ready for production"
optional = false
python-versions = ">=3.8"
groups = ["main"]
files = [
    {file = "fastapi-0.109.2-py3-none-any.whl", hash = "sha256:2c9bab24667293b501cad8dd388c05240c850b58ec5876ee3283c47d6e1e3a4d"},
    {file = "fastapi-0.109.2.tar.gz", hash = "sha256:f3817eac96fe4f65a2ebb4baa000f394e55f5fccdaf7f75250804bc58f354f73"},
]

[package.dependencies]
pydantic = ">=1.7.4,<1.8 || >1.8,<1.8.1 || >1.8.1,<2.0.0 || >2.0.0,<2.0.1 || >2.0.1,<2.1.0 || >2.1.0,<3.0.0"
starlette = ">=0.36.3,<0.37.0"
typing-extensions = ">=4.8.0"

[package.extras]
all = ["email-validator (>=2.0.0)", "httpx (>=0.23.0)", "itsdangerous (>=1.1.0)", "jinja2 (>=2.11.2)", "orjson (>=3.2.1)", "pydantic-extra-types (>=2.0.0)", "pydantic-settings (>=2.0.0)", "python-multipart (>=0.0.7)", "pyyaml (>=5.3.1)", "ujson (>=4.0.1,!=4.0.2,!=4.1.0,!=4.2.0,!=4.3.0,!=5.0.0,!=5.1.0)", "uvicorn[standard] (>=0.12.0)"]

[[package]]
name = "h11"
version = "0.16.0"
description = "A pure-Python, bring-your-own-I/O implementation of HTTP/1.1"
optional = false
python-versions = ">=3.8"
groups = ["main"]
files = [
    {file = "h11-0.16.0-py3-none-any.whl", hash = "sha256:63cf8bbe7522de3bf65932fda1d9c2772064ffb3dae62d55932da54b31cb6c86"},
    {file = "h11-0.16.0.tar.gz", hash = "sha256:4e35b956cf45792e4caa5885e69fba00bdbc6ffafbfa020300e549b208ee5ff1"},
]

[[package]]
name = "idna"
version = "3.10"
description = "Internationalized Domain Names in Applications (IDNA)"
optional = false
python-versions = ">=3.6"
groups = ["main"]
files = [
    {file = "idna-3.10-py3-none-any.whl", hash = "sha256:946d195a0d259cbba61165e88e65941f16e9b36ea6ddb97f00452bae8b1287d3"},
    {file = "idna-3.10.tar.gz", hash = "sha256:12f65c9b470abda6dc35cf8e63cc574b1c52b11df2c86030af0ac09b01b13ea9"},
]

[package.extras]
all = ["flake8 (>=7.1.1)", "mypy (>=1.11.2)", "pytest (>=8.3.2)", "ruff (>=0.6.2)"]

[[package]]
name = "iniconfig"
version = "2.1.0"
description = "brain-dead simple config-ini parsing"
optional = false
python-versions = ">=3.8"
groups = ["dev"]
files = [
    {file = "iniconfig-2.1.0-py3-none-any.whl", hash = "sha256:9deba5723312380e77435581c6bf4935c94cbfab9b1ed33ef8d238ea168eb760"},
    {file = "iniconfig-2.1.0.tar.gz", hash = "sha256:3abbd2e30b36733fee78f9c7f7308f2d0050e88f0087fd25c2645f63c773e1c7"},
]

[[package]]
name = "packaging"
version = "25.0"
description = "Core utilities for Python packages"
optional = false
python-versions = ">=3.8"
groups = ["dev"]
files = [
    {file = "packaging-25.0-py3-none-any.whl", hash = "sha256:29572ef2b1f17581046b3a2227d5c611fb25ec70ca1ba8554b24b0e69331a484"},
    {file = "packaging-25.0.tar.gz", hash = "sha256:d443872c98d677bf60f6a1f2f8c1cb748e8fe762d2bf9d3148b5599295b0fc4f"},
]

[[package]]
name = "pluggy"
version = "1.6.0"
description = "plugin and hook calling mechanisms for python"
optional = false
python-versions = ">=3.9"
groups = ["dev"]
files = [
    {file = "pluggy-1.6.0-py3-none-any.whl", hash = "sha256:e920276dd6813095e9377c0bc5566d94c932c33b27a3e3945d8389c374dd4746"},
    {file = "pluggy-1.6.0.tar.gz", hash = "sha256:7dcc130b76258d33b90f61b658791dede3486c3e6bfb003ee5c9bfb396dd22f3"},
]

[package.extras]
dev = ["pre-commit", "tox"]
testing = ["coverage", "pytest", "pytest-benchmark"]

[[package]]
name = "pydantic"
version = "2.11.9"
description = "Data validation using Python type hints"
optional = false
python-versions = ">=3.9"
groups = ["main"]
files = [
    {file = "pydantic-2.11.9-py3-none-any.whl", hash = "sha256:c42dd626f5cfc1c6950ce6205ea58c93efa406da65f479dcb4029d5934857da2"},
    {file = "pydantic-2.11.9.tar.gz", hash = "sha256:6b8ffda597a14812a7975c90b82a8a2e777d9257aba3453f973acd3c032a18e2"},
]

[package.dependencies]
annotated-types = ">=0.6.0"
pydantic-core = "2.33.2"
typing-extensions = ">=4.12.2"
typing-inspection = ">=0.4.0"

[package.extras]
email = ["email-validator (>=2.0.0)"]
timezone = ["tzdata ; python_version >= \"3.9\" and platform_system == \"Windows\""]

[[package]]
name = "pydantic-core"
version = "2.33.2"
description = "Core functionality for Pydantic validation and serialization"
optional = false
python-versions = ">=3.9"
groups = ["main"]
files = [
    {file = "pydantic_core-2.33.2-cp310-cp310-macosx_10_12_x86_64.whl", hash = "sha256:2b3d326aaef0c0399d9afffeb6367d5e26ddc24d351dbc9c636840ac355dc5d8"},
    {file = "pydantic_core-2.33.2-cp310-cp310-macosx_11_0_arm64.whl", hash = "sha256:0e5b2671f05ba48b94cb90ce55d8bdcaaedb8ba00cc5359f6810fc918713983d"},
    {file = "pydantic_core-2.33.2-cp310-cp310-manylinux_2_17_aarch64.manylinux2014_aarch64.whl", hash = "sha256:0069c9acc3f3981b9ff4cdfaf088e98d83440a4c7ea1bc07460af3d4dc22e72d"},
    {file = "pydantic_core-2.33.2-cp310-cp310-manylinux_2_17_armv7l.manylinux2014_armv7l.whl", hash = "sha256:d53b22f2032c42eaaf025f7c40c2e3b94568ae077a606f006d206a463bc69572"},
    {file = "pydantic_core-2.33.2-cp310-cp310-manylinux_2_17_ppc64le.manylinux2014_ppc64le.whl", hash = "sha256:0405262705a123b7ce9f0b92f123334d67b70fd1f20a9372b907ce1080c7ba02"},
    {file = "pydantic_core-2.33.2-cp310-cp310-manylinux_2_17_s390x.manylinux2014_s390x.whl", hash = "sha256:4b25d91e288e2c4e0662b8038a28c6a07eaac3e196cfc4ff69de4ea3db992a1b"},
    {file = "pydantic_core-2.33.2-cp310-cp310-manylinux_2_17_x86_64.manylinux2014_x86_64.whl", hash = "sha256:6bdfe4b3789761f3bcb4b1ddf33355a71079858958e3a552f16d5af19768fef2"},
    {file = "pydantic_core-2.33.2-cp310-cp310-manylinux_2_5_i686.manylinux1_i686.whl", hash = "sha256:efec8db3266b76ef9607c2c4c419bdb06bf335ae433b80816089ea7585816f6a"},
    {file = "pydantic_core-2.33.2-cp310-cp310-musllinux_1_1_aarch64.whl", hash = "sha256:031c57d67ca86902726e0fae2214ce6770bbe2f710dc33063187a68744a5ecac"},
    {file = "pydantic_core-2.33.2-cp310-cp310-musllinux_1_1_armv7l.whl", hash = "sha256:f8de619080e944347f5f20de29a975c2d815d9ddd8be9b9b7268e2e3ef68605a"},
    {file = "pydantic_core-2.33.2-cp310-cp310-musllinux_1_1_x86_64.whl", hash = "sha256:73662edf539e72a9440129f231ed3757faab89630d291b784ca99237fb94db2b"},
    {file = "pydantic_core-2.33.2-cp310-cp310-win32.whl", hash = "sha256:0a39979dcbb70998b0e505fb1556a1d550a0781463ce84ebf915ba293ccb7e22"},
    {file = "pydantic_core-2.33.2-cp310-cp310-win_amd64.whl", hash = "sha256:b0379a2b24882fef529ec3b4987cb5d003b9cda32256024e6fe1586ac45fc640"},
    {file = "pydantic_core-2.33.2-cp311-cp311-macosx_10_12_x86_64.whl", hash = "sha256:4c5b0a576fb381edd6d27f0a85915c6daf2f8138dc5c267a57c08a62900758c7"},
    {file = "pydantic_core-2.33.2-cp311-cp311-macosx_11_0_arm64.whl", hash = "sha256:e799c050df38a639db758c617ec771fd8fb7a5f8eaaa4b27b101f266b216a246"},
    {file = "pydantic_core-2.33.2-cp311-cp311-manylinux_2_17_aarch64.manylinux2014_aarch64.whl", hash = "sha256:dc46a01bf8d62f227d5ecee74178ffc448ff4e5197c756331f71efcc66dc980f"},
    {file = "pydantic_core-2.33.2-cp311-cp311-manylinux_2_17_armv7l.manylinux2014_armv7l.whl", hash = "sha256:a144d4f717285c6d9234a66778059f33a89096dfb9b39117663fd8413d582dcc"},
    {file = "pydantic_core-2.33.2-cp311-cp311-manylinux_2_17_ppc64le.manylinux2014_ppc64le.whl", hash = "sha256:73cf6373c21bc80b2e0dc88444f41ae60b2f070ed02095754eb5a01df12256de"},
    {file = "pydantic_core-2.33.2-cp311-cp311-manylinux_2_17_s390x.manylinux2014_s390x.whl", hash = "sha256:3dc625f4aa79713512d1976fe9f0bc99f706a9dee21dfd1810b4bbbf228d0e8a"},
    {file = "pydantic_core-2.33.2-cp311-cp311-manylinux_2_17_x86_64.manylinux2014_x86_64.whl", hash = "sha256:881b21b5549499972441da4758d662aeea93f1923f953e9cbaff14b8b9565aef"},
    {file = "pydantic_core-2.33.2-cp311-cp311-manylinux_2_5_i686.manylinux1_i686.whl", hash = "sha256:bdc25f3681f7b78572699569514036afe3c243bc3059d3942624e936ec93450e"},
    {file = "pydantic_core-2.33.2-cp311-cp311-musllinux_1_1_aarch64.whl", hash = "sha256:fe5b32187cbc0c862ee201ad66c30cf218e5ed468ec8dc1cf49dec66e160cc4d"},
    {file = "pydantic_core-2.33.2-cp311-cp311-musllinux_1_1_armv7l.whl", hash = "sha256:bc7aee6f634a6f4a95676fcb5d6559a2c2a390330098dba5e5a5f28a2e4ada30"},
    {file = "pydantic_core-2.33.2-cp311-cp311-musllinux_1_1_x86_64.whl", hash = "sha256:235f45e5dbcccf6bd99f9f472858849f73d11120d76ea8707115415f8e5ebebf"},
    {file = "pydantic_core-2.33.2-cp311-cp311-win32.whl", hash = "sha256:6368900c2d3ef09b69cb0b913f9f8263b03786e5b2a387706c5afb66800efd51"},
    {file = "pydantic_core-2.33.2-cp311-cp311-win_amd64.whl", hash = "sha256:1e063337ef9e9820c77acc768546325ebe04ee38b08703244c1309cccc4f1bab"},
    {file = "pydantic_core-2.33.2-cp311-cp311-win_arm64.whl", hash = "sha256:6b99022f1d19bc32a4c2a0d544fc9a76e3be90f0b3f4af413f87d38749300e65"},
    {file = "pydantic_core-2.33.2-cp312-cp312-macosx_10_12_x86_64.whl", hash = "sha256:a7ec89dc587667f22b6a0b6579c249fca9026ce7c333fc142ba42411fa243cdc"},
    {file = "pydantic_core-2.33.2-cp312-cp312-macosx_11_0_arm64.whl", hash = "sha256:3c6db6e52c6d70aa0d00d45cdb9b40f0433b96380071ea80b09277dba021ddf7"},
    {file = "pydantic_core-2.33.2-cp312-cp312-manylinux_2_17_aarch64.manylinux2014_aarch64.whl", hash = "sha256:4e61206137cbc65e6d5256e1166f88331d3b6238e082d9f74613b9b765fb9025"},
    {file = "pydantic_core-2.33.2-cp312-cp312-manylinux_2_17_armv7l.manylinux2014_armv7l.whl", hash = "sha256:eb8c529b2819c37140eb51b914153063d27ed88e3bdc31b71198a198e921e011"},
    {file = "pydantic_core-2.33.2-cp312-cp312-manylinux_2_17_ppc64le.manylinux2014_ppc64le.whl", hash = "sha256:c52b02ad8b4e2cf14ca7b3d918f3eb0ee91e63b3167c32591e57c4317e134f8f"},
    {file = "pydantic_core-2.33.2-cp312-cp312-manylinux_2_17_s390x.manylinux2014_s390x.whl", hash = "sha256:96081f1605125ba0855dfda83f6f3df5ec90c61195421ba72223de35ccfb2f88"},
    {file = "pydantic_core-2.33.2-cp312-cp312-manylinux_2_17_x86_64.manylinux2014_x86_64.whl", hash = "sha256:8f57a69461af2a5fa6e6bbd7a5f60d3b7e6cebb687f55106933188e79ad155c1"},
    {file = "pydantic_core-2.33.2-cp312-cp312-manylinux_2_5_i686.manylinux1_i686.whl", hash = "sha256:572c7e6c8bb4774d2ac88929e3d1f12bc45714ae5ee6d9a788a9fb35e60bb04b"},
    {file = "pydantic_core-2.33.2-cp312-cp312-musllinux_1_1_aarch64.whl", hash = "sha256:db4b41f9bd95fbe5acd76d89920336ba96f03e149097365afe1cb092fceb89a1"},
    {file = "pydantic_core-2.33.2-cp312-cp312-musllinux_1_1_armv7l.whl", hash = "sha256:fa854f5cf7e33842a892e5c73f45327760bc7bc516339fda888c75ae60edaeb6"},
    {file = "pydantic_core-2.33.2-cp312-cp312-musllinux_1_1_x86_64.whl", hash = "sha256:5f483cfb75ff703095c59e365360cb73e00185e01aaea067cd19acffd2ab20ea"},
    {file = "pydantic_core-2.33.2-cp312-cp312-win32.whl", hash = "sha256:9cb1da0f5a471435a7bc7e439b8a728e8b61e59784b2af70d7c169f8dd8ae290"},
    {file = "pydantic_core-2.33.2-cp312-cp312-win_amd64.whl", hash = "sha256:f941635f2a3d96b2973e867144fde513665c87f13fe0e193c158ac51bfaaa7b2"},
    {file = "pydantic_core-2.33.2-cp312-cp312-win_arm64.whl", hash = "sha256:cca3868ddfaccfbc4bfb1d608e2ccaaebe0ae628e1416aeb9c4d88c001bb45ab"},
    {file = "pydantic_core-2.33.2-cp313-cp313-macosx_10_12_x86_64.whl", hash = "sha256:1082dd3e2d7109ad8b7da48e1d4710c8d06c253cbc4a27c1cff4fbcaa97a9e3f"},
    {file = "pydantic_core-2.33.2-cp313-cp313-macosx_11_0_arm64.whl", hash = "sha256:f517ca031dfc037a9c07e748cefd8d96235088b83b4f4ba8939105d20fa1dcd6"},
    {file = "pydantic_core-2.33.2-cp313-cp313-manylinux_2_17_aarch64.manylinux2014_aarch64.whl", hash = "sha256:0a9f2c9dd19656823cb8250b0724ee9c60a82f3cdf68a080979d13092a3b0fef"},
    {file = "pydantic_core-2.33.2-cp313-cp313-manylinux_2_17_armv7l.manylinux2014_armv7l.whl", hash = "sha256:2b0a451c263b01acebe51895bfb0e1cc842a5c666efe06cdf13846c7418caa9a"},
    {file = "pydantic_core-2.33.2-cp313-cp313-manylinux_2_17_ppc64le.manylinux2014_ppc64le.whl", hash = "sha256:1ea40a64d23faa25e62a70ad163571c0b342b8bf66d5fa612ac0dec4f069d916"},
    {file = "pydantic_core-2.33.2-cp313-cp313-manylinux_2_17_s390x.manylinux2014_s390x.whl", hash = "sha256:0fb2d542b4d66f9470e8065c5469ec676978d625a8b7a363f07d9a501a9cb36a"},
    {file = "pydantic_core-2.33.2-cp313-cp313-manylinux_2_17_x86_64.manylinux2014_x86_64.whl", hash = "sha256:9fdac5d6ffa1b5a83bca06ffe7583f5576555e6c8b3a91fbd25ea7780f825f7d"},
    {file = "pydantic_core-2.33.2-cp313-cp313-manylinux_2_5_i686.manylinux1_i686.whl", hash = "sha256:04a1a413977ab517154eebb2d326da71638271477d6ad87a769102f7c2488c56"},
    {file = "pydantic_core-2.33.2-cp313-cp313-musllinux_1_1_aarch64.whl", hash = "sha256:c8e7af2f4e0194c22b5b37205bfb293d166a7344a5b0d0eaccebc376546d77d5"},
    {file = "pydantic_core-2.33.2-cp313-cp313-musllinux_1_1_armv7l.whl", hash = "sha256:5c92edd15cd58b3c2d34873597a1e20f13094f59cf88068adb18947df5455b4e"},
    {file = "pydantic_core-2.33.2-cp313-cp313-musllinux_1_1_x86_64.whl", hash = "sha256:65132b7b4a1c0beded5e057324b7e16e10910c106d43675d9bd87d4f38dde162"},
    {file = "pydantic_core-2.33.2-cp313-cp313-win32.whl", hash = "sha256:52fb90784e0a242bb96ec53f42196a17278855b0f31ac7c3cc6f5c1ec4811849"},
    {file = "pydantic_core-2.33.2-cp313-cp313-win_amd64.whl", hash = "sha256:c083a3bdd5a93dfe480f1125926afcdbf2917ae714bdb80b36d34318b2bec5d9"},
    {file = "pydantic_core-2.33.2-cp313-cp313-win_arm64.whl", hash = "sha256:e80b087132752f6b3d714f041ccf74403799d3b23a72722ea2e6ba2e892555b9"},
    {file = "pydantic_core-2.33.2-cp313-cp313t-macosx_11_0_arm64.whl", hash = "sha256:61c18fba8e5e9db3ab908620af374db0ac1baa69f0f32df4f61ae23f15e586ac"},
    {file = "pydantic_core-2.33.2-cp313-cp313t-manylinux_2_17_x86_64.manylinux2014_x86_64.whl", hash = "sha256:95237e53bb015f67b63c91af7518a62a8660376a6a0db19b89acc77a4d6199f5"},
    {file = "pydantic_core-2.33.2-cp313-cp313t-win_amd64.whl", hash = "sha256:c2fc0a768ef76c15ab9238afa6da7f69895bb5d1ee83aeea2e3509af4472d0b9"},
    {file = "pydantic_core-2.33.2-cp39-cp39-macosx_10_12_x86_64.whl", hash = "sha256:a2b911a5b90e0374d03813674bf0a5fbbb7741570dcd4b4e85a2e48d17def29d"},
    {file = "pydantic_core-2.33.2-cp39-cp39-macosx_11_0_arm64.whl", hash = "sha256:6fa6dfc3e4d1f734a34710f391ae822e0a8eb8559a85c6979e14e65ee6ba2954"},
    {file = "pydantic_core-2.33.2-cp39-cp39-manylinux_2_17_aarch64.manylinux2014_aarch64.whl", hash = "sha256:c54c939ee22dc8e2d545da79fc5381f1c020d6d3141d3bd747eab59164dc89fb"},
    {file = "pydantic_core-2.33.2-cp39-cp39-manylinux_2_17_armv7l.manylinux2014_armv7l.whl", hash = "sha256:53a57d2ed685940a504248187d5685e49eb5eef0f696853647bf37c418c538f7"},
    {file = "pydantic_core-2.33.2-cp39-cp39-manylinux_2_17_ppc64le.manylinux2014_ppc64le.whl", hash = "sha256:09fb9dd6571aacd023fe6aaca316bd01cf60ab27240d7eb39ebd66a3a15293b4"},
    {file = "pydantic_core-2.33.2-cp39-cp39-manylinux_2_17_s390x.manylinux2014_s390x.whl", hash = "sha256:0e6116757f7959a712db11f3e9c0a99ade00a5bbedae83cb801985aa154f071b"},
    {file = "pydantic_core-2.33.2-cp39-cp39-manylinux_2_17_x86_64.manylinux2014_x86_64.whl", hash = "sha256:8d55ab81c57b8ff8548c3e4947f119551253f4e3787a7bbc0b6b3ca47498a9d3"},
    {file = "pydantic_core-2.33.2-cp39-cp39-manylinux_2_5_i686.manylinux1_i686.whl", hash = "sha256:c20c462aa4434b33a2661701b861604913f912254e441ab8d78d30485736115a"},
    {file = "pydantic_core-2.33.2-cp39-cp39-musllinux_1_1_aarch64.whl", hash = "sha256:44857c3227d3fb5e753d5fe4a3420d6376fa594b07b621e220cd93703fe21782"},
    {file = "pydantic_core-2.33.2-cp39-cp39-musllinux_1_1_armv7l.whl", hash = "sha256:eb9b459ca4df0e5c87deb59d37377461a538852765293f9e6ee834f0435a93b9"},
    {file = "pydantic_core-2.33.2-cp39-cp39-musllinux_1_1_x86_64.whl", hash = "sha256:9fcd347d2cc5c23b06de6d3b7b8275be558a0c90549495c699e379a80bf8379e"},
    {file = "pydantic_core-2.33.2-cp39-cp39-win32.whl", hash = "sha256:83aa99b1285bc8f038941ddf598501a86f1536789740991d7d8756e34f1e74d9"},
    {file = "pydantic_core-2.33.2-cp39-cp39-win_amd64.whl", hash = "sha256:f481959862f57f29601ccced557cc2e817bce7533ab8e01a797a48b49c9692b3"},
    {file = "pydantic_core-2.33.2-pp310-pypy310_pp73-macosx_10_12_x86_64.whl", hash = "sha256:5c4aa4e82353f65e548c476b37e64189783aa5384903bfea4f41580f255fddfa"},
    {file = "pydantic_core-2.33.2-pp310-pypy310_pp73-macosx_11_0_arm64.whl", hash = "sha256:d946c8bf0d5c24bf4fe333af284c59a19358aa3ec18cb3dc4370080da1e8ad29"},
    {file = "pydantic_core-2.33.2-pp310-pypy310_pp73-manylinux_2_17_aarch64.manylinux2014_aarch64.whl", hash = "sha256:87b31b6846e361ef83fedb187bb5b4372d0da3f7e28d85415efa92d6125d6e6d"},
    {file = "pydantic_core-2.33.2-pp310-pypy310_pp73-manylinux_2_17_x86_64.manylinux2014_x86_64.whl", hash = "sha256:aa9d91b338f2df0508606f7009fde642391425189bba6d8c653afd80fd6bb64e"},
    {file = "pydantic_core-2.33.2-pp310-pypy310_pp73-manylinux_2_5_i686.manylinux1_i686.whl", hash = "sha256:2058a32994f1fde4ca0480ab9d1e75a0e8c87c22b53a3ae66554f9af78f2fe8c"},
    {file = "pydantic_core-2.33.2-pp310-pypy310_pp73-musllinux_1_1_aarch64.whl", hash = "sha256:0e03262ab796d986f978f79c943fc5f620381be7287148b8010b4097f79a39ec"},
    {file = "pydantic_core-2.33.2-pp310-pypy310_pp73-musllinux_1_1_armv7l.whl", hash = "sha256:1a8695a8d00c73e50bff9dfda4d540b7dee29ff9b8053e38380426a85ef10052"},
    {file = "pydantic_core-2.33.2-pp310-pypy310_pp73-musllinux_1_1_x86_64.whl", hash = "sha256:fa754d1850735a0b0e03bcffd9d4b4343eb417e47196e4485d9cca326073a42c"},
    {file = "pydantic_core-2.33.2-pp310-pypy310_pp73-win_amd64.whl", hash = "sha256:a11c8d26a50bfab49002947d3d237abe4d9e4b5bdc8846a63537b6488e197808"},
    {file = "pydantic_core-2.33.2-pp311-pypy311_pp73-macosx_10_12_x86_64.whl", hash = "sha256:dd14041875d09cc0f9308e37a6f8b65f5585cf2598a53aa0123df8b129d481f8"},
    {file = "pydantic_core-2.33.2-pp311-pypy311_pp73-macosx_11_0_arm64.whl", hash = "sha256:d87c561733f66531dced0da6e864f44ebf89a8fba55f31407b00c2f7f9449593"},
    {file = "pydantic_core-2.33.2-pp311-pypy311_pp73-manylinux_2_17_aarch64.manylinux2014_aarch64.whl", hash = "sha256:2f82865531efd18d6e07a04a17331af02cb7a651583c418df8266f17a63c6612"},
    {file = "pydantic_core-2.33.2-pp311-pypy311_pp73-manylinux_2_17_x86_64.manylinux2014_x86_64.whl", hash = "sha256:2bfb5112df54209d820d7bf9317c7a6c9025ea52e49f46b6a2060104bba37de7"},
    {file = "pydantic_core-2.33.2-pp311-pypy311_pp73-manylinux_2_5_i686.manylinux1_i686.whl", hash = "sha256:64632ff9d614e5eecfb495796ad51b0ed98c453e447a76bcbeeb69615079fc7e"},
    {file = "pydantic_core-2.33.2-pp311-pypy311_pp73-musllinux_1_1_aarch64.whl", hash = "sha256:f889f7a40498cc077332c7ab6b4608d296d852182211787d4f3ee377aaae66e8"},
    {file = "pydantic_core-2.33.2-pp311-pypy311_pp73-musllinux_1_1_armv7l.whl", hash = "sha256:de4b83bb311557e439b9e186f733f6c645b9417c84e2eb8203f3f820a4b988bf"},
    {file = "pydantic_core-2.33.2-pp311-pypy311_pp73-musllinux_1_1_x86_64.whl", hash = "sha256:82f68293f055f51b51ea42fafc74b6aad03e70e191799430b90c13d643059ebb"},
    {file = "pydantic_core-2.33.2-pp311-pypy311_pp73-win_amd64.whl", hash = "sha256:329467cecfb529c925cf2bbd4d60d2c509bc2fb52a20c1045bf09bb70971a9c1"},
    {file = "pydantic_core-2.33.2-pp39-pypy39_pp73-macosx_10_12_x86_64.whl", hash = "sha256:87acbfcf8e90ca885206e98359d7dca4bcbb35abdc0ff66672a293e1d7a19101"},
    {file = "pydantic_core-2.33.2-pp39-pypy39_pp73-macosx_11_0_arm64.whl", hash = "sha256:7f92c15cd1e97d4b12acd1cc9004fa092578acfa57b67ad5e43a197175d01a64"},
    {file = "pydantic_core-2.33.2-pp39-pypy39_pp73-manylinux_2_17_aarch64.manylinux2014_aarch64.whl", hash = "sha256:d3f26877a748dc4251cfcfda9dfb5f13fcb034f5308388066bcfe9031b63ae7d"},
    {file = "pydantic_core-2.33.2-pp39-pypy39_pp73-manylinux_2_17_x86_64.manylinux2014_x86_64.whl", hash = "sha256:dac89aea9af8cd672fa7b510e7b8c33b0bba9a43186680550ccf23020f32d535"},
    {file = "pydantic_core-2.33.2-pp39-pypy39_pp73-manylinux_2_5_i686.manylinux1_i686.whl", hash = "sha256:970919794d126ba8645f3837ab6046fb4e72bbc057b3709144066204c19a455d"},
    {file = "pydantic_core-2.33.2-pp39-pypy39_pp73-musllinux_1_1_aarch64.whl", hash = "sha256:3eb3fe62804e8f859c49ed20a8451342de53ed764150cb14ca71357c765dc2a6"},
    {file = "pydantic_core-2.33.2-pp39-pypy39_pp73-musllinux_1_1_armv7l.whl", hash = "sha256:3abcd9392a36025e3bd55f9bd38d908bd17962cc49bc6da8e7e96285336e2bca"},
    {file = "pydantic_core-2.33.2-pp39-pypy39_pp73-musllinux_1_1_x86_64.whl", hash = "sha256:3a1c81334778f9e3af2f8aeb7a960736e5cab1dfebfb26aabca09afd2906c039"},
    {file = "pydantic_core-2.33.2-pp39-pypy39_pp73-win_amd64.whl", hash = "sha256:2807668ba86cb38c6817ad9bc66215ab8584d1d304030ce4f0887336f28a5e27"},
    {file = "pydantic_core-2.33.2.tar.gz", hash = "sha256:7cb8bc3605c29176e1b105350d2e6474142d7c1bd1d9327c4a9bdb46bf827acc"},
]

[package.dependencies]
typing-extensions = ">=4.6.0,<4.7.0 || >4.7.0"

[[package]]
name = "pydantic-settings"
version = "2.11.0"
description = "Settings management using Pydantic"
optional = false
python-versions = ">=3.9"
groups = ["main"]
files = [
    {file = "pydantic_settings-2.11.0-py3-none-any.whl", hash = "sha256:fe2cea3413b9530d10f3a5875adffb17ada5c1e1bab0b2885546d7310415207c"},
    {file = "pydantic_settings-2.11.0.tar.gz", hash = "sha256:d0e87a1c7d33593beb7194adb8470fc426e95ba02af83a0f23474a04c9a08180"},
]

[package.dependencies]
pydantic = ">=2.7.0"
python-dotenv = ">=0.21.0"
typing-inspection = ">=0.4.0"

[package.extras]
aws-secrets-manager = ["boto3 (>=1.35.0)", "boto3-stubs[secretsmanager]"]
azure-key-vault = ["azure-identity (>=1.16.0)", "azure-keyvault-secrets (>=4.8.0)"]
gcp-secret-manager = ["google-cloud-secret-manager (>=2.23.1)"]
toml = ["tomli (>=2.0.1)"]
yaml = ["pyyaml (>=6.0.1)"]

[[package]]
name = "pygments"
version = "2.19.2"
description = "Pygments is a syntax highlighting package written in Python."
optional = false
python-versions = ">=3.8"
groups = ["dev"]
files = [
    {file = "pygments-2.19.2-py3-none-any.whl", hash = "sha256:86540386c03d588bb81d44bc3928634ff26449851e99741617ecb9037ee5ec0b"},
    {file = "pygments-2.19.2.tar.gz", hash = "sha256:636cb2477cec7f8952536970bc533bc43743542f70392ae026374600add5b887"},
]

[package.extras]
windows-terminal = ["colorama (>=0.4.6)"]

[[package]]
name = "pyparsing"
version = "3.2.5"
description = "pyparsing - Classes and methods to define and execute parsing grammars"
optional = false
python-versions = ">=3.9"
groups = ["main"]
files = [
    {file = "pyparsing-3.2.5-py3-none-any.whl", hash = "sha256:e38a4f02064cf41fe6593d328d0512495ad1f3d8a91c4f73fc401b3079a59a5e"},
    {file = "pyparsing-3.2.5.tar.gz", hash = "sha256:2df8d5b7b2802ef88e8d016a2eb9c7aeaa923529cd251ed0fe4608275d4105b6"},
]

[package.extras]
diagrams = ["jinja2", "railroad-diagrams"]

[[package]]
name = "pytest"
version = "8.4.2"
description = "pytest: simple powerful testing with Python"
optional = false
python-versions = ">=3.9"
groups = ["dev"]
files = [
    {file = "pytest-8.4.2-py3-none-any.whl", hash = "sha256:872f880de3fc3a5bdc88a11b39c9710c3497a547cfa9320bc3c5e62fbf272e79"},
    {file = "pytest-8.4.2.tar.gz", hash = "sha256:86c0d0b93306b961d58d62a4db4879f27fe25513d4b969df351abdddb3c30e01"},
]

[package.dependencies]
colorama = {version = ">=0.4", markers = "sys_platform == \"win32\""}
iniconfig = ">=1"
packaging = ">=20"
pluggy = ">=1.5,<2"
pygments = ">=2.7.2"

[package.extras]
dev = ["argcomplete", "attrs (>=19.2)", "hypothesis (>=3.56)", "mock", "requests", "setuptools", "xmlschema"]

[[package]]
name = "python-dotenv"
version = "1.1.1"
description = "Read key-value pairs from a .env file and set them as environment variables"
optional = false
python-versions = ">=3.9"
groups = ["main"]
files = [
    {file = "python_dotenv-1.1.1-py3-none-any.whl", hash = "sha256:31f23644fe2602f88ff55e1f5c79ba497e01224ee7737937930c448e4d0e24dc"},
    {file = "python_dotenv-1.1.1.tar.gz", hash = "sha256:a8a6399716257f45be6a007360200409fce5cda2661e3dec71d23dc15f6189ab"},
]

[package.extras]
cli = ["click (>=5.0)"]

[[package]]
name = "rapidfuzz"
version = "3.14.1"
description = "rapid fuzzy string matching"
optional = false
python-versions = ">=3.10"
groups = ["main"]
files = [
    {file = "rapidfuzz-3.14.1-cp310-cp310-macosx_10_9_x86_64.whl", hash = "sha256:489440e4b5eea0d150a31076eb183bed0ec84f934df206c72ae4fc3424501758"},
    {file = "rapidfuzz-3.14.1-cp310-cp310-macosx_11_0_arm64.whl", hash = "sha256:eff22cc938c3f74d194df03790a6c3325d213b28cf65cdefd6fdeae759b745d5"},
    {file = "rapidfuzz-3.14.1-cp310-cp310-manylinux_2_26_aarch64.manylinux_2_28_aarch64.whl", hash = "sha256:e0307f018b16feaa36074bcec2496f6f120af151a098910296e72e233232a62f"},
    {file = "rapidfuzz-3.14.1-cp310-cp310-manylinux_2_26_ppc64le.manylinux_2_28_ppc64le.whl", hash = "sha256:bc133652da143aca1ab72de235446432888b2b7f44ee332d006f8207967ecb8a"},
    {file = "rapidfuzz-3.14.1-cp310-cp310-manylinux_2_26_s390x.manylinux_2_28_s390x.whl", hash = "sha256:e9e71b3fe7e4a1590843389a90fe2a8684649fc74b9b7446e17ee504ddddb7de"},
    {file = "rapidfuzz-3.14.1-cp310-cp310-manylinux_2_27_x86_64.manylinux_2_28_x86_64.whl", hash = "sha256:6c51519eb2f20b52eba6fc7d857ae94acc6c2a1f5d0f2d794b9d4977cdc29dd7"},
    {file = "rapidfuzz-3.14.1-cp310-cp310-manylinux_2_31_armv7l.whl", hash = "sha256:fe87d94602624f8f25fff9a0a7b47f33756c4d9fc32b6d3308bb142aa483b8a4"},
    {file = "rapidfuzz-3.14.1-cp310-cp310-musllinux_1_2_aarch64.whl", hash = "sha256:2d665380503a575dda52eb712ea521f789e8f8fd629c7a8e6c0f8ff480febc78"},
    {file = "rapidfuzz-3.14.1-cp310-cp310-musllinux_1_2_armv7l.whl", hash = "sha256:c0f0dd022b8a7cbf3c891f6de96a80ab6a426f1069a085327816cea749e096c2"},
    {file = "rapidfuzz-3.14.1-cp310-cp310-musllinux_1_2_ppc64le.whl", hash = "sha256:bf1ba22d36858b265c95cd774ba7fe8991e80a99cd86fe4f388605b01aee81a3"},
    {file = "rapidfuzz-3.14.1-cp310-cp310-musllinux_1_2_s390x.whl", hash = "sha256:ca1c1494ac9f9386d37f0e50cbaf4d07d184903aed7691549df1b37e9616edc9"},
    {file = "rapidfuzz-3.14.1-cp310-cp310-musllinux_1_2_x86_64.whl", hash = "sha256:9e4b12e921b0fa90d7c2248742a536f21eae5562174090b83edd0b4ab8b557d7"},
    {file = "rapidfuzz-3.14.1-cp310-cp310-win32.whl", hash = "sha256:5e1c1f2292baa4049535b07e9e81feb29e3650d2ba35ee491e64aca7ae4cb15e"},
    {file = "rapidfuzz-3.14.1-cp310-cp310-win_amd64.whl", hash = "sha256:59a8694beb9a13c4090ab3d1712cabbd896c6949706d1364e2a2e1713c413760"},
    {file = "rapidfuzz-3.14.1-cp310-cp310-win_arm64.whl", hash = "sha256:e94cee93faa792572c574a615abe12912124b4ffcf55876b72312914ab663345"},
    {file = "rapidfuzz-3.14.1-cp311-cp311-macosx_10_9_x86_64.whl", hash = "sha256:4d976701060886a791c8a9260b1d4139d14c1f1e9a6ab6116b45a1acf3baff67"},
    {file = "rapidfuzz-3.14.1-cp311-cp311-macosx_11_0_arm64.whl", hash = "sha256:5e6ba7e6eb2ab03870dcab441d707513db0b4264c12fba7b703e90e8b4296df2"},
    {file = "rapidfuzz-3.14.1-cp311-cp311-manylinux_2_26_aarch64.manylinux_2_28_aarch64.whl", hash = "sha256:1e532bf46de5fd3a1efde73a16a4d231d011bce401c72abe3c6ecf9de681003f"},
    {file = "rapidfuzz-3.14.1-cp311-cp311-manylinux_2_26_ppc64le.manylinux_2_28_ppc64le.whl", hash = "sha256:f9b6a6fb8ed9b951e5f3b82c1ce6b1665308ec1a0da87f799b16e24fc59e4662"},
    {file = "rapidfuzz-3.14.1-cp311-cp311-manylinux_2_26_s390x.manylinux_2_28_s390x.whl", hash = "sha256:5b6ac3f9810949caef0e63380b11a3c32a92f26bacb9ced5e32c33560fcdf8d1"},
    {file = "rapidfuzz-3.14.1-cp311-cp311-manylinux_2_27_x86_64.manylinux_2_28_x86_64.whl", hash = "sha256:e52e4c34fd567f77513e886b66029c1ae02f094380d10eba18ba1c68a46d8b90"},
    {file = "rapidfuzz-3.14.1-cp311-cp311-manylinux_2_31_armv7l.whl", hash = "sha256:2ef72e41b1a110149f25b14637f1cedea6df192462120bea3433980fe9d8ac05"},
    {file = "rapidfuzz-3.14.1-cp311-cp311-musllinux_1_2_aarch64.whl", hash = "sha256:fb654a35b373d712a6b0aa2a496b2b5cdd9d32410cfbaecc402d7424a90ba72a"},
    {file = "rapidfuzz-3.14.1-cp311-cp311-musllinux_1_2_armv7l.whl", hash = "sha256:2b2c12e5b9eb8fe9a51b92fe69e9ca362c0970e960268188a6d295e1dec91e6d"},
    {file = "rapidfuzz-3.14.1-cp311-cp311-musllinux_1_2_ppc64le.whl", hash = "sha256:4f069dec5c450bd987481e752f0a9979e8fdf8e21e5307f5058f5c4bb162fa56"},
    {file = "rapidfuzz-3.14.1-cp311-cp311-musllinux_1_2_s390x.whl", hash = "sha256:4d0d9163725b7ad37a8c46988cae9ebab255984db95ad01bf1987ceb9e3058dd"},
    {file = "rapidfuzz-3.14.1-cp311-cp311-musllinux_1_2_x86_64.whl", hash = "sha256:db656884b20b213d846f6bc990c053d1f4a60e6d4357f7211775b02092784ca1"},
    {file = "rapidfuzz-3.14.1-cp311-cp311-win32.whl", hash = "sha256:4b42f7b9c58cbcfbfaddc5a6278b4ca3b6cd8983e7fd6af70ca791dff7105fb9"},
    {file = "rapidfuzz-3.14.1-cp311-cp311-win_amd64.whl", hash = "sha256:e5847f30d7d4edefe0cb37294d956d3495dd127c1c56e9128af3c2258a520bb4"},
    {file = "rapidfuzz-3.14.1-cp311-cp311-win_arm64.whl", hash = "sha256:5087d8ad453092d80c042a08919b1cb20c8ad6047d772dc9312acd834da00f75"},
    {file = "rapidfuzz-3.14.1-cp312-cp312-macosx_10_13_x86_64.whl", hash = "sha256:809515194f628004aac1b1b280c3734c5ea0ccbd45938c9c9656a23ae8b8f553"},
    {file = "rapidfuzz-3.14.1-cp312-cp312-macosx_11_0_arm64.whl", hash = "sha256:0afcf2d6cb633d0d4260d8df6a40de2d9c93e9546e2c6b317ab03f89aa120ad7"},
    {file = "rapidfuzz-3.14.1-cp312-cp312-manylinux_2_26_aarch64.manylinux_2_28_aarch64.whl", hash = "sha256:5c1c3d07d53dcafee10599da8988d2b1f39df236aee501ecbd617bd883454fcd"},
    {file = "rapidfuzz-3.14.1-cp312-cp312-manylinux_2_26_ppc64le.manylinux_2_28_ppc64le.whl", hash = "sha256:6e9ee3e1eb0a027717ee72fe34dc9ac5b3e58119f1bd8dd15bc19ed54ae3e62b"},
    {file = "rapidfuzz-3.14.1-cp312-cp312-manylinux_2_26_s390x.manylinux_2_28_s390x.whl", hash = "sha256:70c845b64a033a20c44ed26bc890eeb851215148cc3e696499f5f65529afb6cb"},
    {file = "rapidfuzz-3.14.1-cp312-cp312-manylinux_2_27_x86_64.manylinux_2_28_x86_64.whl", hash = "sha256:26db0e815213d04234298dea0d884d92b9cb8d4ba954cab7cf67a35853128a33"},
    {file = "rapidfuzz-3.14.1-cp312-cp312-manylinux_2_31_armv7l.whl", hash = "sha256:6ad3395a416f8b126ff11c788531f157c7debeb626f9d897c153ff8980da10fb"},
    {file = "rapidfuzz-3.14.1-cp312-cp312-musllinux_1_2_aarch64.whl", hash = "sha256:61c5b9ab6f730e6478aa2def566223712d121c6f69a94c7cc002044799442afd"},
    {file = "rapidfuzz-3.14.1-cp312-cp312-musllinux_1_2_armv7l.whl", hash = "sha256:13e0ea3d0c533969158727d1bb7a08c2cc9a816ab83f8f0dcfde7e38938ce3e6"},
    {file = "rapidfuzz-3.14.1-cp312-cp312-musllinux_1_2_ppc64le.whl", hash = "sha256:6325ca435b99f4001aac919ab8922ac464999b100173317defb83eae34e82139"},
    {file = "rapidfuzz-3.14.1-cp312-cp312-musllinux_1_2_s390x.whl", hash = "sha256:07a9fad3247e68798424bdc116c1094e88ecfabc17b29edf42a777520347648e"},
    {file = "rapidfuzz-3.14.1-cp312-cp312-musllinux_1_2_x86_64.whl", hash = "sha256:f8ff5dbe78db0a10c1f916368e21d328935896240f71f721e073cf6c4c8cdedd"},
    {file = "rapidfuzz-3.14.1-cp312-cp312-win32.whl", hash = "sha256:9c83270e44a6ae7a39fc1d7e72a27486bccc1fa5f34e01572b1b90b019e6b566"},
    {file = "rapidfuzz-3.14.1-cp312-cp312-win_amd64.whl", hash = "sha256:e06664c7fdb51c708e082df08a6888fce4c5c416d7e3cc2fa66dd80eb76a149d"},
    {file = "rapidfuzz-3.14.1-cp312-cp312-win_arm64.whl", hash = "sha256:6c7c26025f7934a169a23dafea6807cfc3fb556f1dd49229faf2171e5d8101cc"},
    {file = "rapidfuzz-3.14.1-cp313-cp313-macosx_10_13_x86_64.whl", hash = "sha256:8d69f470d63ee824132ecd80b1974e1d15dd9df5193916901d7860cef081a260"},
    {file = "rapidfuzz-3.14.1-cp313-cp313-macosx_11_0_arm64.whl", hash = "sha256:6f571d20152fc4833b7b5e781b36d5e4f31f3b5a596a3d53cf66a1bd4436b4f4"},
    {file = "rapidfuzz-3.14.1-cp313-cp313-manylinux_2_26_aarch64.manylinux_2_28_aarch64.whl", hash = "sha256:61d77e09b2b6bc38228f53b9ea7972a00722a14a6048be9a3672fb5cb08bad3a"},
    {file = "rapidfuzz-3.14.1-cp313-cp313-manylinux_2_26_ppc64le.manylinux_2_28_ppc64le.whl", hash = "sha256:8b41d95ef86a6295d353dc3bb6c80550665ba2c3bef3a9feab46074d12a9af8f"},
    {file = "rapidfuzz-3.14.1-cp313-cp313-manylinux_2_26_s390x.manylinux_2_28_s390x.whl", hash = "sha256:0591df2e856ad583644b40a2b99fb522f93543c65e64b771241dda6d1cfdc96b"},
    {file = "rapidfuzz-3.14.1-cp313-cp313-manylinux_2_27_x86_64.manylinux_2_28_x86_64.whl", hash = "sha256:f277801f55b2f3923ef2de51ab94689a0671a4524bf7b611de979f308a54cd6f"},
    {file = "rapidfuzz-3.14.1-cp313-cp313-manylinux_2_31_armv7l.whl", hash = "sha256:893fdfd4f66ebb67f33da89eb1bd1674b7b30442fdee84db87f6cb9074bf0ce9"},
    {file = "rapidfuzz-3.14.1-cp313-cp313-musllinux_1_2_aarch64.whl", hash = "sha256:fe2651258c1f1afa9b66f44bf82f639d5f83034f9804877a1bbbae2120539ad1"},
    {file = "rapidfuzz-3.14.1-cp313-cp313-musllinux_1_2_armv7l.whl", hash = "sha256:ace21f7a78519d8e889b1240489cd021c5355c496cb151b479b741a4c27f0a25"},
    {file = "rapidfuzz-3.14.1-cp313-cp313-musllinux_1_2_ppc64le.whl", hash = "sha256:cb5acf24590bc5e57027283b015950d713f9e4d155fda5cfa71adef3b3a84502"},
    {file = "rapidfuzz-3.14.1-cp313-cp313-musllinux_1_2_s390x.whl", hash = "sha256:67ea46fa8cc78174bad09d66b9a4b98d3068e85de677e3c71ed931a1de28171f"},
    {file = "rapidfuzz-3.14.1-cp313-cp313-musllinux_1_2_x86_64.whl", hash = "sha256:44e741d785de57d1a7bae03599c1cbc7335d0b060a35e60c44c382566e22782e"},
    {file = "rapidfuzz-3.14.1-cp313-cp313-win32.whl", hash = "sha256:b1fe6001baa9fa36bcb565e24e88830718f6c90896b91ceffcb48881e3adddbc"},
    {file = "rapidfuzz-3.14.1-cp313-cp313-win_amd64.whl", hash = "sha256:83b8cc6336709fa5db0579189bfd125df280a554af544b2dc1c7da9cdad7e44d"},
    {file = "rapidfuzz-3.14.1-cp313-cp313-win_arm64.whl", hash = "sha256:cf75769662eadf5f9bd24e865c19e5ca7718e879273dce4e7b3b5824c4da0eb4"},
    {file = "rapidfuzz-3.14.1-cp313-cp313t-macosx_10_13_x86_64.whl", hash = "sha256:d937dbeda71c921ef6537c6d41a84f1b8112f107589c9977059de57a1d726dd6"},
    {file = "rapidfuzz-3.14.1-cp313-cp313t-macosx_11_0_arm64.whl", hash = "sha256:7a2d80cc1a4fcc7e259ed4f505e70b36433a63fa251f1bb69ff279fe376c5efd"},
    {file = "rapidfuzz-3.14.1-cp313-cp313t-win32.whl", hash = "sha256:40875e0c06f1a388f1cab3885744f847b557e0b1642dfc31ff02039f9f0823ef"},
    {file = "rapidfuzz-3.14.1-cp313-cp313t-win_amd64.whl", hash = "sha256:876dc0c15552f3d704d7fb8d61bdffc872ff63bedf683568d6faad32e51bbce8"},
    {file = "rapidfuzz-3.14.1-cp313-cp313t-win_arm64.whl", hash = "sha256:61458e83b0b3e2abc3391d0953c47d6325e506ba44d6a25c869c4401b3bc222c"},
    {file = "rapidfuzz-3.14.1-cp314-cp314-macosx_10_13_x86_64.whl", hash = "sha256:e84d9a844dc2e4d5c4cabd14c096374ead006583304333c14a6fbde51f612a44"},
    {file = "rapidfuzz-3.14.1-cp314-cp314-macosx_11_0_arm64.whl", hash = "sha256:40301b93b99350edcd02dbb22e37ca5f2a75d0db822e9b3c522da451a93d6f27"},
    {file = "rapidfuzz-3.14.1-cp314-cp314-manylinux_2_26_aarch64.manylinux_2_28_aarch64.whl", hash = "sha256:fedd5097a44808dddf341466866e5c57a18a19a336565b4ff50aa8f09eb528f6"},
    {file = "rapidfuzz-3.14.1-cp314-cp314-manylinux_2_26_ppc64le.manylinux_2_28_ppc64le.whl", hash = "sha256:2e3e61c9e80d8c26709d8aa5c51fdd25139c81a4ab463895f8a567f8347b0548"},
    {file = "rapidfuzz-3.14.1-cp314-cp314-manylinux_2_26_s390x.manylinux_2_28_s390x.whl", hash = "sha256:da011a373722fac6e64687297a1d17dc8461b82cb12c437845d5a5b161bc24b9"},
    {file = "rapidfuzz-3.14.1-cp314-cp314-manylinux_2_27_x86_64.manylinux_2_28_x86_64.whl", hash = "sha256:5967d571243cfb9ad3710e6e628ab68c421a237b76e24a67ac22ee0ff12784d6"},
    {file = "rapidfuzz-3.14.1-cp314-cp314-manylinux_2_31_armv7l.whl", hash = "sha256:474f416cbb9099676de54aa41944c154ba8d25033ee460f87bb23e54af6d01c9"},
    {file = "rapidfuzz-3.14.1-cp314-cp314-musllinux_1_2_aarch64.whl", hash = "sha256:ae2d57464b59297f727c4e201ea99ec7b13935f1f056c753e8103da3f2fc2404"},
    {file = "rapidfuzz-3.14.1-cp314-cp314-musllinux_1_2_armv7l.whl", hash = "sha256:57047493a1f62f11354c7143c380b02f1b355c52733e6b03adb1cb0fe8fb8816"},
    {file = "rapidfuzz-3.14.1-cp314-cp314-musllinux_1_2_ppc64le.whl", hash = "sha256:4acc20776f225ee37d69517a237c090b9fa7e0836a0b8bc58868e9168ba6ef6f"},
    {file = "rapidfuzz-3.14.1-cp314-cp314-musllinux_1_2_s390x.whl", hash = "sha256:4373f914ff524ee0146919dea96a40a8200ab157e5a15e777a74a769f73d8a4a"},
    {file = "rapidfuzz-3.14.1-cp314-cp314-musllinux_1_2_x86_64.whl", hash = "sha256:37017b84953927807847016620d61251fe236bd4bcb25e27b6133d955bb9cafb"},
    {file = "rapidfuzz-3.14.1-cp314-cp314-win32.whl", hash = "sha256:c8d1dd1146539e093b84d0805e8951475644af794ace81d957ca612e3eb31598"},
    {file = "rapidfuzz-3.14.1-cp314-cp314-win_amd64.whl", hash = "sha256:f51c7571295ea97387bac4f048d73cecce51222be78ed808263b45c79c40a440"},
    {file = "rapidfuzz-3.14.1-cp314-cp314-win_arm64.whl", hash = "sha256:01eab10ec90912d7d28b3f08f6c91adbaf93458a53f849ff70776ecd70dd7a7a"},
    {file = "rapidfuzz-3.14.1-cp314-cp314t-macosx_10_13_x86_64.whl", hash = "sha256:60879fcae2f7618403c4c746a9a3eec89327d73148fb6e89a933b78442ff0669"},
    {file = "rapidfuzz-3.14.1-cp314-cp314t-macosx_11_0_arm64.whl", hash = "sha256:f94d61e44db3fc95a74006a394257af90fa6e826c900a501d749979ff495d702"},
    {file = "rapidfuzz-3.14.1-cp314-cp314t-win32.whl", hash = "sha256:93b6294a3ffab32a9b5f9b5ca048fa0474998e7e8bb0f2d2b5e819c64cb71ec7"},
    {file = "rapidfuzz-3.14.1-cp314-cp314t-win_amd64.whl", hash = "sha256:6cb56b695421538fdbe2c0c85888b991d833b8637d2f2b41faa79cea7234c000"},
    {file = "rapidfuzz-3.14.1-cp314-cp314t-win_arm64.whl", hash = "sha256:7cd312c380d3ce9d35c3ec9726b75eee9da50e8a38e89e229a03db2262d3d96b"},
    {file = "rapidfuzz-3.14.1-pp310-pypy310_pp73-macosx_10_15_x86_64.whl", hash = "sha256:673ce55a9be5b772dade911909e42382c0828b8a50ed7f9168763fa6b9f7054d"},
    {file = "rapidfuzz-3.14.1-pp310-pypy310_pp73-macosx_11_0_arm64.whl", hash = "sha256:45c62ada1980ebf4c64c4253993cc8daa018c63163f91db63bb3af69cb74c2e3"},
    {file = "rapidfuzz-3.14.1-pp310-pypy310_pp73-win_amd64.whl", hash = "sha256:4d51efb29c0df0d4f7f64f672a7624c2146527f0745e3572098d753676538800"},
    {file = "rapidfuzz-3.14.1-pp311-pypy311_pp73-macosx_10_15_x86_64.whl", hash = "sha256:4a21ccdf1bd7d57a1009030527ba8fae1c74bf832d0a08f6b67de8f5c506c96f"},
    {file = "rapidfuzz-3.14.1-pp311-pypy311_pp73-macosx_11_0_arm64.whl", hash = "sha256:589fb0af91d3aff318750539c832ea1100dbac2c842fde24e42261df443845f6"},
    {file = "rapidfuzz-3.14.1-pp311-pypy311_pp73-win_amd64.whl", hash = "sha256:a4f18092db4825f2517d135445015b40033ed809a41754918a03ef062abe88a0"},
    {file = "rapidfuzz-3.14.1.tar.gz", hash = "sha256:b02850e7f7152bd1edff27e9d584505b84968cacedee7a734ec4050c655a803c"},
]

[package.extras]
all = ["numpy"]

[[package]]
name = "rdflib"
version = "7.2.1"
description = "RDFLib is a Python library for working with RDF, a simple yet powerful language for representing information."
optional = false
python-versions = ">=3.8.1"
groups = ["main"]
files = [
    {file = "rdflib-7.2.1-py3-none-any.whl", hash = "sha256:1a175bc1386a167a42fbfaba003bfa05c164a2a3ca3cb9c0c97f9c9638ca6ac2"},
    {file = "rdflib-7.2.1.tar.gz", hash = "sha256:cf9b7fa25234e8925da8b1fb09700f8349b5f0f100e785fb4260e737308292ac"},
]

[package.dependencies]
pyparsing = ">=2.1.0,<4"

[package.extras]
berkeleydb = ["berkeleydb (>=18.1.0,<19.0.0)"]
html = ["html5rdf (>=1.2,<2)"]
lxml = ["lxml (>=4.3,<6.0)"]
networkx = ["networkx (>=2,<4)"]
orjson = ["orjson (>=3.9.14,<4)"]

[[package]]
name = "sniffio"
version = "1.3.1"
description = "Sniff out which async library your code is running under"
optional = false
python-versions = ">=3.7"
groups = ["main"]
files = [
    {file = "sniffio-1.3.1-py3-none-any.whl", hash = "sha256:2f6da418d1f1e0fddd844478f41680e794e6051915791a034ff65e5f100525a2"},
    {file = "sniffio-1.3.1.tar.gz", hash = "sha256:f4324edc670a0f49750a81b895f35c3adb843cca46f0530f79fc1babb23789dc"},
]

[[package]]
name = "sparqlwrapper"
version = "2.0.0"
description = "SPARQL Endpoint interface to Python"
optional = false
python-versions = ">=3.7"
groups = ["main"]
files = [
    {file = "SPARQLWrapper-2.0.0-py3-none-any.whl", hash = "sha256:c99a7204fff676ee28e6acef327dc1ff8451c6f7217dcd8d49e8872f324a8a20"},
    {file = "SPARQLWrapper-2.0.0.tar.gz", hash = "sha256:3fed3ebcc77617a4a74d2644b86fd88e0f32e7f7003ac7b2b334c026201731f1"},
]

[package.dependencies]
rdflib = ">=6.1.1"

[package.extras]
dev = ["mypy (>=0.931)", "pandas (>=1.3.5)", "pandas-stubs (>=1.2.0.48)", "setuptools (>=3.7.1)"]
docs = ["sphinx (<5)", "sphinx-rtd-theme"]
keepalive = ["keepalive (>=0.5)"]
pandas = ["pandas (>=1.3.5)"]

[[package]]
name = "starlette"
version = "0.36.3"
description = "The little ASGI library that shines."
optional = false
python-versions = ">=3.8"
groups = ["main"]
files = [
    {file = "starlette-0.36.3-py3-none-any.whl", hash = "sha256:13d429aa93a61dc40bf503e8c801db1f1bca3dc706b10ef2434a36123568f044"},
    {file = "starlette-0.36.3.tar.gz", hash = "sha256:90a671733cfb35771d8cc605e0b679d23b992f8dcfad48cc60b38cb29aeb7080"},
]

[package.dependencies]
anyio = ">=3.4.0,<5"

[package.extras]
full = ["httpx (>=0.22.0)", "itsdangerous", "jinja2", "python-multipart (>=0.0.7)", "pyyaml"]

[[package]]
name = "typing-extensions"
version = "4.15.0"
description = "Backported and Experimental Type Hints for Python 3.9+"
optional = false
python-versions = ">=3.9"
groups = ["main"]
files = [
    {file = "typing_extensions-4.15.0-py3-none-any.whl", hash = "sha256:f0fa19c6845758ab08074a0cfa8b7aecb71c999ca73d62883bc25cc018c4e548"},
    {file = "typing_extensions-4.15.0.tar.gz", hash = "sha256:0cea48d173cc12fa28ecabc3b837ea3cf6f38c6d1136f85cbaaf598984861466"},
]

[[package]]
name = "typing-inspection"
version = "0.4.2"
description = "Runtime typing introspection tools"
optional = false
python-versions = ">=3.9"
groups = ["main"]
files = [
    {file = "typing_inspection-0.4.2-py3-none-any.whl", hash = "sha256:4ed1cacbdc298c220f1bd249ed5287caa16f34d44ef4e9c3d0cbad5b521545e7"},
    {file = "typing_inspection-0.4.2.tar.gz", hash = "sha256:ba561c48a67c5958007083d386c3295464928b01faa735ab8547c5692e87f464"},
]

[package.dependencies]
typing-extensions = ">=4.12.0"

[[package]]
name = "uvicorn"
version = "0.23.2"
description = "The lightning-fast ASGI server."
optional = false
python-versions = ">=3.8"
groups = ["main"]
files = [
    {file = "uvicorn-0.23.2-py3-none-any.whl", hash = "sha256:1f9be6558f01239d4fdf22ef8126c39cb1ad0addf76c40e760549d2c2f43ab53"},
    {file = "uvicorn-0.23.2.tar.gz", hash = "sha256:4d3cc12d7727ba72b64d12d3cc7743124074c0a69f7b201512fc50c3e3f1569a"},
]

[package.dependencies]
click = ">=7.0"
h11 = ">=0.8"

[package.extras]
standard = ["colorama (>=0.4) ; sys_platform == \"win32\"", "httptools (>=0.5.0)", "python-dotenv (>=0.13)", "pyyaml (>=5.1)", "uvloop (>=0.14.0,!=0.15.0,!=0.15.1) ; sys_platform != \"win32\" and sys_platform != \"cygwin\" and platform_python_implementation != \"PyPy\"", "watchfiles (>=0.13)", "websockets (>=10.4)"]

[metadata]
lock-version = "2.1"
python-versions = "^3.11"
content-hash = "d02972db0af1f87012573a37b948252a3cab74389987b2924ca3c1fd939e2e3e"
